PODS:
  - Bolts/Tasks (1.6.0)
  - Crashlytics (3.6.0):
    - Fabric (~> 1.6.3)
  - CSStickyHeaderFlowLayout (0.2.10)
  - CWStatusBarNotification (2.3.4)
  - Fabric (1.6.4)
  - FLAnimatedImage (1.0.10)
  - FMDB (2.6):
    - FMDB/standard (= 2.6)
  - FMDB/standard (2.6)
  - FormatterKit (1.8.0):
    - FormatterKit/AddressFormatter (= 1.8.0)
    - FormatterKit/ArrayFormatter (= 1.8.0)
    - FormatterKit/ColorFormatter (= 1.8.0)
    - FormatterKit/LocationFormatter (= 1.8.0)
    - FormatterKit/NameFormatter (= 1.8.0)
    - FormatterKit/OrdinalNumberFormatter (= 1.8.0)
    - FormatterKit/TimeIntervalFormatter (= 1.8.0)
    - FormatterKit/UnitOfInformationFormatter (= 1.8.0)
    - FormatterKit/URLRequestFormatter (= 1.8.0)
  - FormatterKit/AddressFormatter (1.8.0)
  - FormatterKit/ArrayFormatter (1.8.0)
  - FormatterKit/ColorFormatter (1.8.0)
  - FormatterKit/LocationFormatter (1.8.0)
  - FormatterKit/NameFormatter (1.8.0)
  - FormatterKit/OrdinalNumberFormatter (1.8.0)
  - FormatterKit/TimeIntervalFormatter (1.8.0)
  - FormatterKit/UnitOfInformationFormatter (1.8.0)
  - FormatterKit/URLRequestFormatter (1.8.0)
  - JMImageCache (0.4.0)
  - JSQWebViewController (2.0.1)
  - KTBTaskQueue (1.0.1):
    - FMDB (~> 2.0)
  - libPhoneNumber-iOS (0.8.10)
  - LLSimpleCamera (4.2.0)
  - Mixpanel (2.9.1):
    - Mixpanel/Mixpanel (= 2.9.1)
  - Mixpanel/Mixpanel (2.9.1)
  - MoABContactsManager (1.0.5)
  - NYTPhotoViewer (0.1.2)
  - Parse (1.12.0):
    - Bolts/Tasks (~> 1.5)
  - ParseCrashReporting (1.9.2):
    - Bolts/Tasks (~> 1.5)
    - Parse (~> 1.9)
  - SHSPhoneComponent (2.15)
  - SVProgressHUD (1.1.3)
  - TagListView (0.4.2)
  - TTTAttributedLabel (1.13.4)

DEPENDENCIES:
  - Crashlytics
  - CSStickyHeaderFlowLayout (~> 0.2)
  - CWStatusBarNotification (~> 2.3)
  - Fabric
  - FLAnimatedImage (~> 1.0)
  - FormatterKit (~> 1.8)
  - JMImageCache (~> 0.4)
  - JSQWebViewController (~> 2.0)
  - KTBTaskQueue (~> 1.0)
  - libPhoneNumber-iOS (~> 0.8)
  - LLSimpleCamera (~> 4.0)
  - Mixpanel (~> 2.8)
  - MoABContactsManager (~> 1.0)
  - NYTPhotoViewer (~> 0.1)
  - Parse (~> 1.11)
  - ParseCrashReporting (~> 1.9)
  - SHSPhoneComponent (~> 2.15)
  - SVProgressHUD (~> 1.1)
  - TagListView (~> 0.4)
  - TTTAttributedLabel (~> 1.13)

SPEC CHECKSUMS:
  Bolts: f52a250053bb517ca874523c3913776359ab3def
  Crashlytics: e4e8d02914f2608fbc7bf42b1a7af838b0db67a2
  CSStickyHeaderFlowLayout: 5366582779d8b7c9ba9b9cc729c218cc23888776
  CWStatusBarNotification: 3fec41edcb0ae3677d9febfcb9632d8bdf52294c
  Fabric: ed41fd62173c6bdea24ab02c9d7707161eabb750
  FLAnimatedImage: e16a1e1cef08e4c509b47e4acbe3923f65c16135
  FMDB: c1968bab3ab0aed38f66cb778ae1e7fa9a652b6e
  FormatterKit: bddde83e054edf9d9ee14f9de3b3a5103db256f4
  JMImageCache: fac25eb168a25b29ac130fee6a6b17ea463c1d86
  JSQWebViewController: 2e416ae6604676510812bbda050d63a1488003a4
  KTBTaskQueue: cfa9fde2a0882a67f423dfe8b29c3d976358d8e7
  libPhoneNumber-iOS: 7bfd00f843fdcd82b5182b463e8eb3b27579f41d
  LLSimpleCamera: ed7813ce4827ff3e34c6af159c99b5b56e54d1c6
  Mixpanel: 5ca24b2a05f4c77fe9bcfe7671d681d0f3f8d76f
  MoABContactsManager: e3e208d64c41db8ff542d48264ee531140dad821
  NYTPhotoViewer: 874a57dd833238b52ab2e8d1c827356c763626c3
  Parse: de2c52a9a1421b91ae7594ab8ce191afd184f19b
  ParseCrashReporting: 33b760facc649d4fd99eef8f35dcda6a406099e5
  SHSPhoneComponent: 4cec0653a150ad63cbc52b0c8b29ce2d3c9c26f0
  SVProgressHUD: 748080e4f36e603f6c02aec292664239df5279c1
  TagListView: 38700330380d7c874f8f9c381ce651d822f11ebf
  TTTAttributedLabel: 0a2ac7b2dd726d32a070dafb01446026b11e624f

COCOAPODS: 0.39.0
