PODS:
  - Gifu (1.0.0)
  - IOStickyHeader (0.2.4)
  - libPhoneNumber-iOS (0.8.10)
  - LLSimpleCamera (4.0.0)
  - Mixpanel (2.9.1):
    - Mixpanel/Mixpanel (= 2.9.1)
  - Mixpanel/Mixpanel (2.9.1)
  - SHSPhoneComponent (2.15)
  - SVProgressHUD (1.1.3)

DEPENDENCIES:
  - Gifu
  - IOStickyHeader
  - libPhoneNumber-iOS (~> 0.8)
  - LLSimpleCamera (~> 4.0)
  - Mixpanel (~> 2.8)
  - SHSPhoneComponent (~> 2.15)
  - SVProgressHUD (~> 1.1)

SPEC CHECKSUMS:
  Gifu: dcb0d05caa83be1f7e51bdb033318f64a93527b0
  IOStickyHeader: 128bab4da4ee6e32766ee85503b0a58b48f111b4
  libPhoneNumber-iOS: 7bfd00f843fdcd82b5182b463e8eb3b27579f41d
  LLSimpleCamera: 4acecd6fabca1cb5841302ee03e03123e290af3d
  Mixpanel: 5ca24b2a05f4c77fe9bcfe7671d681d0f3f8d76f
  SHSPhoneComponent: 4cec0653a150ad63cbc52b0c8b29ce2d3c9c26f0
  SVProgressHUD: 748080e4f36e603f6c02aec292664239df5279c1

COCOAPODS: 0.39.0
